
Microsoft Visual Studio Solution File, Format Version 12.00
# Visual Studio Version 17
VisualStudioVersion = 17.14.36414.22 d17.14
MinimumVisualStudioVersion = 10.0.40219.1
Project("{FAE04EC0-301F-11D3-BF4B-00C04F79EFBC}") = "ControleEstoque", "ControleEstoque\ControleEstoque.csproj", "{C5AC4613-8B8D-4406-8B51-892034E9429B}"
EndProject
Global
	GlobalSection(SolutionConfigurationPlatforms) = preSolution
		Debug|Any CPU = Debug|Any CPU
		Release|Any CPU = Release|Any CPU
	EndGlobalSection
	GlobalSection(ProjectConfigurationPlatforms) = postSolution
		{C5AC4613-8B8D-4406-8B51-892034E9429B}.Debug|Any CPU.ActiveCfg = Debug|Any CPU
		{C5AC4613-8B8D-4406-8B51-892034E9429B}.Debug|Any CPU.Build.0 = Debug|Any CPU
		{C5AC4613-8B8D-4406-8B51-892034E9429B}.Release|Any CPU.ActiveCfg = Release|Any CPU
		{C5AC4613-8B8D-4406-8B51-892034E9429B}.Release|Any CPU.Build.0 = Release|Any CPU
	EndGlobalSection
	GlobalSection(SolutionProperties) = preSolution
		HideSolutionNode = FALSE
	EndGlobalSection
	GlobalSection(ExtensibilityGlobals) = postSolution
		SolutionGuid = {D24BD08C-FD53-4108-98B3-480308EC7A42}
	EndGlobalSection
EndGlobal
